speakeasyVersion: 1.787.0
sources:
    converge-source:
        sourceNamespace: converge-source
        sourceRevisionDigest: sha256:daa8a30f96b04cbd5828be0210d6834ebb3bf353a7b88fb40cf09df517cca982
        sourceBlobDigest: sha256:a665cd982787958631a36444539314aeab2fac9b4133438a89e5a1d2b7db491d
        tags:
            - latest
            - 1.0.114
targets:
    censys-sdk-python:
        source: converge-source
        sourceNamespace: converge-source
        sourceRevisionDigest: sha256:daa8a30f96b04cbd5828be0210d6834ebb3bf353a7b88fb40cf09df517cca982
        sourceBlobDigest: sha256:a665cd982787958631a36444539314aeab2fac9b4133438a89e5a1d2b7db491d
        codeSamplesNamespace: converge-source-python-code-samples
        codeSamplesRevisionDigest: sha256:b684838ba0e36568897fd77a786c52a8f4842198dae7d4d556d9efbd6a4a055b
workflow:
    workflowVersion: 1.0.0
    speakeasyVersion: latest
    sources:
        converge-source:
            inputs:
                - location: https://github.com/censys/censys-sdk-openapi/releases/latest/download/openapi.yaml
            registry:
                location: registry.speakeasyapi.dev/censys/censys/converge-source
    targets:
        censys-sdk-python:
            target: python
            source: converge-source
            publish:
                pypi:
                    token: $pypi_token
            codeSamples:
                registry:
                    location: registry.speakeasyapi.dev/censys/censys/converge-source-python-code-samples
                labelOverride:
                    fixedValue: Python (SDK)
                blocking: false
