speakeasyVersion: 1.581.2
sources:
    converge-source:
        sourceNamespace: converge-source
        sourceRevisionDigest: sha256:7a3487ff32229ac0405b0bfafc7e5159116ae9b142f5070229207e5c23e6617a
        sourceBlobDigest: sha256:649c3e7a6d0afaef18e66c00875f8f6dda764ddb68e5ec614428830ba1e11d81
        tags:
            - latest
            - speakeasy-sdk-regen-1752020901
            - 1.0.12
targets:
    censys-sdk-python:
        source: converge-source
        sourceNamespace: converge-source
        sourceRevisionDigest: sha256:7a3487ff32229ac0405b0bfafc7e5159116ae9b142f5070229207e5c23e6617a
        sourceBlobDigest: sha256:649c3e7a6d0afaef18e66c00875f8f6dda764ddb68e5ec614428830ba1e11d81
        codeSamplesNamespace: converge-source-python-code-samples
        codeSamplesRevisionDigest: sha256:8286ebbdba568e3e24f1ed92bf3541d83503c1fc93dc5b34b0c5b8c0974901db
workflow:
    workflowVersion: 1.0.0
    speakeasyVersion: latest
    sources:
        converge-source:
            inputs:
                - location: https://github.com/censys/censys-sdk-openapi/releases/latest/download/openapi.yaml
            registry:
                location: registry.speakeasyapi.dev/censys/censys/converge-source
    targets:
        censys-sdk-python:
            target: python
            source: converge-source
            publish:
                pypi:
                    token: $pypi_token
            codeSamples:
                registry:
                    location: registry.speakeasyapi.dev/censys/censys/converge-source-python-code-samples
                labelOverride:
                    fixedValue: Python (SDK)
                blocking: false
