speakeasyVersion: 1.572.0
sources:
    converge-source:
        sourceNamespace: converge-source
        sourceRevisionDigest: sha256:b806f245b587c340cbd61e95e9896402415c937ca83be84a4f29f1f23bf5b739
        sourceBlobDigest: sha256:a22d34b88adfa8bfc4dddc6adeb37e4ad6447e76f1b51230ddf6aba9571a364c
        tags:
            - latest
            - speakeasy-sdk-regen-1751302132
            - 1.0.8
targets:
    censys-sdk-python:
        source: converge-source
        sourceNamespace: converge-source
        sourceRevisionDigest: sha256:b806f245b587c340cbd61e95e9896402415c937ca83be84a4f29f1f23bf5b739
        sourceBlobDigest: sha256:a22d34b88adfa8bfc4dddc6adeb37e4ad6447e76f1b51230ddf6aba9571a364c
        codeSamplesNamespace: converge-source-python-code-samples
        codeSamplesRevisionDigest: sha256:2b6e8d58497a973f22332ce7e32d8afe111eecff1f5731f37437f54da5e01a56
workflow:
    workflowVersion: 1.0.0
    speakeasyVersion: latest
    sources:
        converge-source:
            inputs:
                - location: https://github.com/censys/censys-sdk-openapi/releases/latest/download/openapi.yaml
            registry:
                location: registry.speakeasyapi.dev/censys/censys/converge-source
    targets:
        censys-sdk-python:
            target: python
            source: converge-source
            publish:
                pypi:
                    token: $pypi_token
            codeSamples:
                registry:
                    location: registry.speakeasyapi.dev/censys/censys/converge-source-python-code-samples
                labelOverride:
                    fixedValue: Python (SDK)
                blocking: false
